
Microsoft Visual Studio Solution File, Format Version 12.00
# Visual Studio Version 16
VisualStudioVersion = 16.0.30104.148
MinimumVisualStudioVersion = 10.0.40219.1
Project("{FAE04EC0-301F-11D3-BF4B-00C04F79EFBC}") = "27_Dinamik_Araçlar2", "27_Dinamik_Araçlar2\27_Dinamik_Araçlar2.csproj", "{6BC4D6C8-92A4-4EA3-8420-89ACF25510DC}"
EndProject
Global
	GlobalSection(SolutionConfigurationPlatforms) = preSolution
		Debug|Any CPU = Debug|Any CPU
		Release|Any CPU = Release|Any CPU
	EndGlobalSection
	GlobalSection(ProjectConfigurationPlatforms) = postSolution
		{6BC4D6C8-92A4-4EA3-8420-89ACF25510DC}.Debug|Any CPU.ActiveCfg = Debug|Any CPU
		{6BC4D6C8-92A4-4EA3-8420-89ACF25510DC}.Debug|Any CPU.Build.0 = Debug|Any CPU
		{6BC4D6C8-92A4-4EA3-8420-89ACF25510DC}.Release|Any CPU.ActiveCfg = Release|Any CPU
		{6BC4D6C8-92A4-4EA3-8420-89ACF25510DC}.Release|Any CPU.Build.0 = Release|Any CPU
	EndGlobalSection
	GlobalSection(SolutionProperties) = preSolution
		HideSolutionNode = FALSE
	EndGlobalSection
	GlobalSection(ExtensibilityGlobals) = postSolution
		SolutionGuid = {1F2227E4-A190-4F46-A918-46FA0D048358}
	EndGlobalSection
EndGlobal
