
Microsoft Visual Studio Solution File, Format Version 12.00
# Visual Studio Version 16
VisualStudioVersion = 16.0.30104.148
MinimumVisualStudioVersion = 10.0.40219.1
Project("{FAE04EC0-301F-11D3-BF4B-00C04F79EFBC}") = "23_Metin_Belgesine_Kayıt_Ekleme", "23_Metin_Belgesine_Kayıt_Ekleme\23_Metin_Belgesine_Kayıt_Ekleme.csproj", "{3708F454-59CF-4445-AE8A-29AF1E455F28}"
EndProject
Global
	GlobalSection(SolutionConfigurationPlatforms) = preSolution
		Debug|Any CPU = Debug|Any CPU
		Release|Any CPU = Release|Any CPU
	EndGlobalSection
	GlobalSection(ProjectConfigurationPlatforms) = postSolution
		{3708F454-59CF-4445-AE8A-29AF1E455F28}.Debug|Any CPU.ActiveCfg = Debug|Any CPU
		{3708F454-59CF-4445-AE8A-29AF1E455F28}.Debug|Any CPU.Build.0 = Debug|Any CPU
		{3708F454-59CF-4445-AE8A-29AF1E455F28}.Release|Any CPU.ActiveCfg = Release|Any CPU
		{3708F454-59CF-4445-AE8A-29AF1E455F28}.Release|Any CPU.Build.0 = Release|Any CPU
	EndGlobalSection
	GlobalSection(SolutionProperties) = preSolution
		HideSolutionNode = FALSE
	EndGlobalSection
	GlobalSection(ExtensibilityGlobals) = postSolution
		SolutionGuid = {2AEBFD48-803B-4807-A4F2-6F503E63DAB4}
	EndGlobalSection
EndGlobal
