
Microsoft Visual Studio Solution File, Format Version 12.00
# Visual Studio Version 16
VisualStudioVersion = 16.0.30104.148
MinimumVisualStudioVersion = 10.0.40219.1
Project("{FAE04EC0-301F-11D3-BF4B-00C04F79EFBC}") = "31_FormKenarlığı", "31_FormKenarlığı\31_FormKenarlığı.csproj", "{DC81C2D2-ED62-44AC-9F2C-43FEA0A02E66}"
EndProject
Global
	GlobalSection(SolutionConfigurationPlatforms) = preSolution
		Debug|Any CPU = Debug|Any CPU
		Release|Any CPU = Release|Any CPU
	EndGlobalSection
	GlobalSection(ProjectConfigurationPlatforms) = postSolution
		{DC81C2D2-ED62-44AC-9F2C-43FEA0A02E66}.Debug|Any CPU.ActiveCfg = Debug|Any CPU
		{DC81C2D2-ED62-44AC-9F2C-43FEA0A02E66}.Debug|Any CPU.Build.0 = Debug|Any CPU
		{DC81C2D2-ED62-44AC-9F2C-43FEA0A02E66}.Release|Any CPU.ActiveCfg = Release|Any CPU
		{DC81C2D2-ED62-44AC-9F2C-43FEA0A02E66}.Release|Any CPU.Build.0 = Release|Any CPU
	EndGlobalSection
	GlobalSection(SolutionProperties) = preSolution
		HideSolutionNode = FALSE
	EndGlobalSection
	GlobalSection(ExtensibilityGlobals) = postSolution
		SolutionGuid = {63D73D03-E4FF-4DAE-BDB9-3179CFF40A43}
	EndGlobalSection
EndGlobal
