
Microsoft Visual Studio Solution File, Format Version 12.00
# Visual Studio Version 16
VisualStudioVersion = 16.0.30104.148
MinimumVisualStudioVersion = 10.0.40219.1
Project("{FAE04EC0-301F-11D3-BF4B-00C04F79EFBC}") = "17_MatematikFonksiyonları", "17_MatematikFonksiyonları\17_MatematikFonksiyonları.csproj", "{8F8E5E88-C1D5-4EC7-9BD1-B45EF905D573}"
EndProject
Global
	GlobalSection(SolutionConfigurationPlatforms) = preSolution
		Debug|Any CPU = Debug|Any CPU
		Release|Any CPU = Release|Any CPU
	EndGlobalSection
	GlobalSection(ProjectConfigurationPlatforms) = postSolution
		{8F8E5E88-C1D5-4EC7-9BD1-B45EF905D573}.Debug|Any CPU.ActiveCfg = Debug|Any CPU
		{8F8E5E88-C1D5-4EC7-9BD1-B45EF905D573}.Debug|Any CPU.Build.0 = Debug|Any CPU
		{8F8E5E88-C1D5-4EC7-9BD1-B45EF905D573}.Release|Any CPU.ActiveCfg = Release|Any CPU
		{8F8E5E88-C1D5-4EC7-9BD1-B45EF905D573}.Release|Any CPU.Build.0 = Release|Any CPU
	EndGlobalSection
	GlobalSection(SolutionProperties) = preSolution
		HideSolutionNode = FALSE
	EndGlobalSection
	GlobalSection(ExtensibilityGlobals) = postSolution
		SolutionGuid = {BA0C0E8C-0985-474A-9263-389EB50E5723}
	EndGlobalSection
EndGlobal
