
Microsoft Visual Studio Solution File, Format Version 12.00
# Visual Studio Version 16
VisualStudioVersion = 16.0.30104.148
MinimumVisualStudioVersion = 10.0.40219.1
Project("{FAE04EC0-301F-11D3-BF4B-00C04F79EFBC}") = "7_ContextMenu_Strip", "7_ContextMenu_Strip\7_ContextMenu_Strip.csproj", "{92446E57-5F28-440E-8B8E-B402091C789D}"
EndProject
Global
	GlobalSection(SolutionConfigurationPlatforms) = preSolution
		Debug|Any CPU = Debug|Any CPU
		Release|Any CPU = Release|Any CPU
	EndGlobalSection
	GlobalSection(ProjectConfigurationPlatforms) = postSolution
		{92446E57-5F28-440E-8B8E-B402091C789D}.Debug|Any CPU.ActiveCfg = Debug|Any CPU
		{92446E57-5F28-440E-8B8E-B402091C789D}.Debug|Any CPU.Build.0 = Debug|Any CPU
		{92446E57-5F28-440E-8B8E-B402091C789D}.Release|Any CPU.ActiveCfg = Release|Any CPU
		{92446E57-5F28-440E-8B8E-B402091C789D}.Release|Any CPU.Build.0 = Release|Any CPU
	EndGlobalSection
	GlobalSection(SolutionProperties) = preSolution
		HideSolutionNode = FALSE
	EndGlobalSection
	GlobalSection(ExtensibilityGlobals) = postSolution
		SolutionGuid = {B7216416-CEEE-489A-9B60-1D124BF07A39}
	EndGlobalSection
EndGlobal
