
Microsoft Visual Studio Solution File, Format Version 12.00
# Visual Studio Version 16
VisualStudioVersion = 16.0.30104.148
MinimumVisualStudioVersion = 10.0.40219.1
Project("{FAE04EC0-301F-11D3-BF4B-00C04F79EFBC}") = "12_Formlar_Arası_Veri_Taşıma", "12_Formlar_Arası_Veri_Taşıma\12_Formlar_Arası_Veri_Taşıma.csproj", "{ACFE8992-5B63-4BE7-B9AA-B4ED23B80456}"
EndProject
Global
	GlobalSection(SolutionConfigurationPlatforms) = preSolution
		Debug|Any CPU = Debug|Any CPU
		Release|Any CPU = Release|Any CPU
	EndGlobalSection
	GlobalSection(ProjectConfigurationPlatforms) = postSolution
		{ACFE8992-5B63-4BE7-B9AA-B4ED23B80456}.Debug|Any CPU.ActiveCfg = Debug|Any CPU
		{ACFE8992-5B63-4BE7-B9AA-B4ED23B80456}.Debug|Any CPU.Build.0 = Debug|Any CPU
		{ACFE8992-5B63-4BE7-B9AA-B4ED23B80456}.Release|Any CPU.ActiveCfg = Release|Any CPU
		{ACFE8992-5B63-4BE7-B9AA-B4ED23B80456}.Release|Any CPU.Build.0 = Release|Any CPU
	EndGlobalSection
	GlobalSection(SolutionProperties) = preSolution
		HideSolutionNode = FALSE
	EndGlobalSection
	GlobalSection(ExtensibilityGlobals) = postSolution
		SolutionGuid = {2D904885-E13E-46EF-B1FC-B8C238DC0C84}
	EndGlobalSection
EndGlobal
